{
  "originHash" : "808068d99c358fb24af2066c6a5f369dab475a6fecc0e42a3ee3685eaf7d282e",
  "pins" : [
    {
      "identity" : "swift-sqlcipher",
      "kind" : "remoteSourceControl",
      "location" : "https://github.com/skiptools/swift-sqlcipher.git",
      "state" : {
        "revision" : "b0834267243ded1a194f1ef60a3e301261ce2aba",
        "version" : "1.2.0"
      }
    }
  ],
  "version" : 3
}
